// !$*UTF8*$!
{
	archiveVersion = 1;
	classes = {
	};
	objectVersion = 55;
	objects = {

/* Begin PBXBuildFile section */
		2DF7723DE83F0BE4C617DF5C /* Pods_Messenger.framework in Frameworks */ = {isa = PBXBuildFile; fileRef = 26B5E844E598A800766E0A97 /* Pods_Messenger.framework */; };
		43836B7D284D3DF700A199A8 /* ChatViewController.swift in Sources */ = {isa = PBXBuildFile; fileRef = 43836B7C284D3DF700A199A8 /* ChatViewController.swift */; };
		43836B7F284DC98D00A199A8 /* StorageManager.swift in Sources */ = {isa = PBXBuildFile; fileRef = 43836B7E284DC98D00A199A8 /* StorageManager.swift */; };
		43B7EB1B2846A80B007F902E /* AppDelegate.swift in Sources */ = {isa = PBXBuildFile; fileRef = 43B7EB1A2846A80B007F902E /* AppDelegate.swift */; };
		43B7EB1D2846A80B007F902E /* SceneDelegate.swift in Sources */ = {isa = PBXBuildFile; fileRef = 43B7EB1C2846A80B007F902E /* SceneDelegate.swift */; };
		43B7EB1F2846A80B007F902E /* ConversationsViewController.swift in Sources */ = {isa = PBXBuildFile; fileRef = 43B7EB1E2846A80B007F902E /* ConversationsViewController.swift */; };
		43B7EB222846A80B007F902E /* Main.storyboard in Resources */ = {isa = PBXBuildFile; fileRef = 43B7EB202846A80B007F902E /* Main.storyboard */; };
		43B7EB242846A80D007F902E /* Assets.xcassets in Resources */ = {isa = PBXBuildFile; fileRef = 43B7EB232846A80D007F902E /* Assets.xcassets */; };
		43B7EB272846A80D007F902E /* LaunchScreen.storyboard in Resources */ = {isa = PBXBuildFile; fileRef = 43B7EB252846A80D007F902E /* LaunchScreen.storyboard */; };
		43B7EB352846AA60007F902E /* LoginViewController.swift in Sources */ = {isa = PBXBuildFile; fileRef = 43B7EB342846AA60007F902E /* LoginViewController.swift */; };
		43B7EB372846AA6C007F902E /* RegisterViewController.swift in Sources */ = {isa = PBXBuildFile; fileRef = 43B7EB362846AA6C007F902E /* RegisterViewController.swift */; };
		43B7EB392846AA88007F902E /* PhotoViewerViewController.swift in Sources */ = {isa = PBXBuildFile; fileRef = 43B7EB382846AA88007F902E /* PhotoViewerViewController.swift */; };
		43B7EB3B2846AA9B007F902E /* VideoPlayerViewController.swift in Sources */ = {isa = PBXBuildFile; fileRef = 43B7EB3A2846AA9B007F902E /* VideoPlayerViewController.swift */; };
		43B7EB3D2846AAC0007F902E /* NewConversationViewController.swift in Sources */ = {isa = PBXBuildFile; fileRef = 43B7EB3C2846AAC0007F902E /* NewConversationViewController.swift */; };
		43B7EB3F2846AAD5007F902E /* ProfileViewController.swift in Sources */ = {isa = PBXBuildFile; fileRef = 43B7EB3E2846AAD5007F902E /* ProfileViewController.swift */; };
		43B7EB4228478A5A007F902E /* Extensions.swift in Sources */ = {isa = PBXBuildFile; fileRef = 43B7EB4128478A5A007F902E /* Extensions.swift */; };
		43B7EB46284B4A3F007F902E /* GoogleService-Info.plist in Resources */ = {isa = PBXBuildFile; fileRef = 43B7EB45284B4A3F007F902E /* GoogleService-Info.plist */; };
		43B7EB48284BD5DC007F902E /* DatabaseManager.swift in Sources */ = {isa = PBXBuildFile; fileRef = 43B7EB47284BD5DC007F902E /* DatabaseManager.swift */; };
/* End PBXBuildFile section */

/* Begin PBXFileReference section */
		26B5E844E598A800766E0A97 /* Pods_Messenger.framework */ = {isa = PBXFileReference; explicitFileType = wrapper.framework; includeInIndex = 0; path = Pods_Messenger.framework; sourceTree = BUILT_PRODUCTS_DIR; };
		43836B7C284D3DF700A199A8 /* ChatViewController.swift */ = {isa = PBXFileReference; lastKnownFileType = sourcecode.swift; path = ChatViewController.swift; sourceTree = "<group>"; };
		43836B7E284DC98D00A199A8 /* StorageManager.swift */ = {isa = PBXFileReference; lastKnownFileType = sourcecode.swift; path = StorageManager.swift; sourceTree = "<group>"; };
		43B7EB172846A80B007F902E /* Messenger.app */ = {isa = PBXFileReference; explicitFileType = wrapper.application; includeInIndex = 0; path = Messenger.app; sourceTree = BUILT_PRODUCTS_DIR; };
		43B7EB1A2846A80B007F902E /* AppDelegate.swift */ = {isa = PBXFileReference; lastKnownFileType = sourcecode.swift; path = AppDelegate.swift; sourceTree = "<group>"; };
		43B7EB1C2846A80B007F902E /* SceneDelegate.swift */ = {isa = PBXFileReference; lastKnownFileType = sourcecode.swift; path = SceneDelegate.swift; sourceTree = "<group>"; };
		43B7EB1E2846A80B007F902E /* ConversationsViewController.swift */ = {isa = PBXFileReference; lastKnownFileType = sourcecode.swift; path = ConversationsViewController.swift; sourceTree = "<group>"; };
		43B7EB212846A80B007F902E /* Base */ = {isa = PBXFileReference; lastKnownFileType = file.storyboard; name = Base; path = Base.lproj/Main.storyboard; sourceTree = "<group>"; };
		43B7EB232846A80D007F902E /* Assets.xcassets */ = {isa = PBXFileReference; lastKnownFileType = folder.assetcatalog; path = Assets.xcassets; sourceTree = "<group>"; };
		43B7EB262846A80D007F902E /* Base */ = {isa = PBXFileReference; lastKnownFileType = file.storyboard; name = Base; path = Base.lproj/LaunchScreen.storyboard; sourceTree = "<group>"; };
		43B7EB282846A80D007F902E /* Info.plist */ = {isa = PBXFileReference; lastKnownFileType = text.plist.xml; path = Info.plist; sourceTree = "<group>"; };
		43B7EB342846AA60007F902E /* LoginViewController.swift */ = {isa = PBXFileReference; lastKnownFileType = sourcecode.swift; path = LoginViewController.swift; sourceTree = "<group>"; };
		43B7EB362846AA6C007F902E /* RegisterViewController.swift */ = {isa = PBXFileReference; lastKnownFileType = sourcecode.swift; path = RegisterViewController.swift; sourceTree = "<group>"; };
		43B7EB382846AA88007F902E /* PhotoViewerViewController.swift */ = {isa = PBXFileReference; lastKnownFileType = sourcecode.swift; path = PhotoViewerViewController.swift; sourceTree = "<group>"; };
		43B7EB3A2846AA9B007F902E /* VideoPlayerViewController.swift */ = {isa = PBXFileReference; lastKnownFileType = sourcecode.swift; path = VideoPlayerViewController.swift; sourceTree = "<group>"; };
		43B7EB3C2846AAC0007F902E /* NewConversationViewController.swift */ = {isa = PBXFileReference; lastKnownFileType = sourcecode.swift; path = NewConversationViewController.swift; sourceTree = "<group>"; };
		43B7EB3E2846AAD5007F902E /* ProfileViewController.swift */ = {isa = PBXFileReference; lastKnownFileType = sourcecode.swift; path = ProfileViewController.swift; sourceTree = "<group>"; };
		43B7EB4128478A5A007F902E /* Extensions.swift */ = {isa = PBXFileReference; lastKnownFileType = sourcecode.swift; path = Extensions.swift; sourceTree = "<group>"; };
		43B7EB45284B4A3F007F902E /* GoogleService-Info.plist */ = {isa = PBXFileReference; fileEncoding = 4; lastKnownFileType = text.plist.xml; path = "GoogleService-Info.plist"; sourceTree = "<group>"; };
		43B7EB47284BD5DC007F902E /* DatabaseManager.swift */ = {isa = PBXFileReference; lastKnownFileType = sourcecode.swift; path = DatabaseManager.swift; sourceTree = "<group>"; };
		A7C0F6C8A8569D2B5FD75FE8 /* Pods-Messenger.release.xcconfig */ = {isa = PBXFileReference; includeInIndex = 1; lastKnownFileType = text.xcconfig; name = "Pods-Messenger.release.xcconfig"; path = "Target Support Files/Pods-Messenger/Pods-Messenger.release.xcconfig"; sourceTree = "<group>"; };
		B6F669A6DD4C72673F015089 /* Pods-Messenger.debug.xcconfig */ = {isa = PBXFileReference; includeInIndex = 1; lastKnownFileType = text.xcconfig; name = "Pods-Messenger.debug.xcconfig"; path = "Target Support Files/Pods-Messenger/Pods-Messenger.debug.xcconfig"; sourceTree = "<group>"; };
/* End PBXFileReference section */

/* Begin PBXFrameworksBuildPhase section */
		43B7EB142846A80B007F902E /* Frameworks */ = {
			isa = PBXFrameworksBuildPhase;
			buildActionMask = 2147483647;
			files = (
				2DF7723DE83F0BE4C617DF5C /* Pods_Messenger.framework in Frameworks */,
			);
			runOnlyForDeploymentPostprocessing = 0;
		};
/* End PBXFrameworksBuildPhase section */

/* Begin PBXGroup section */
		3310002650BF2D2CAF13D295 /* Frameworks */ = {
			isa = PBXGroup;
			children = (
				26B5E844E598A800766E0A97 /* Pods_Messenger.framework */,
			);
			name = Frameworks;
			sourceTree = "<group>";
		};
		3A4781FFCA79C1321265F4C9 /* Pods */ = {
			isa = PBXGroup;
			children = (
				B6F669A6DD4C72673F015089 /* Pods-Messenger.debug.xcconfig */,
				A7C0F6C8A8569D2B5FD75FE8 /* Pods-Messenger.release.xcconfig */,
			);
			path = Pods;
			sourceTree = "<group>";
		};
		43B7EB0E2846A80B007F902E = {
			isa = PBXGroup;
			children = (
				43B7EB192846A80B007F902E /* Messenger */,
				43B7EB182846A80B007F902E /* Products */,
				3A4781FFCA79C1321265F4C9 /* Pods */,
				3310002650BF2D2CAF13D295 /* Frameworks */,
			);
			sourceTree = "<group>";
		};
		43B7EB182846A80B007F902E /* Products */ = {
			isa = PBXGroup;
			children = (
				43B7EB172846A80B007F902E /* Messenger.app */,
			);
			name = Products;
			sourceTree = "<group>";
		};
		43B7EB192846A80B007F902E /* Messenger */ = {
			isa = PBXGroup;
			children = (
				43B7EB45284B4A3F007F902E /* GoogleService-Info.plist */,
				43B7EB322846A910007F902E /* Resources */,
				43B7EB312846A904007F902E /* Models */,
				43B7EB302846A8F3007F902E /* ViewModels */,
				43B7EB2F2846A8EB007F902E /* Views */,
				43B7EB2E2846A8DE007F902E /* Controllers */,
				43B7EB282846A80D007F902E /* Info.plist */,
			);
			path = Messenger;
			sourceTree = "<group>";
		};
		43B7EB2E2846A8DE007F902E /* Controllers */ = {
			isa = PBXGroup;
			children = (
				43B7EB1E2846A80B007F902E /* ConversationsViewController.swift */,
				43B7EB40284783DA007F902E /* Login */,
				43B7EB382846AA88007F902E /* PhotoViewerViewController.swift */,
				43B7EB3A2846AA9B007F902E /* VideoPlayerViewController.swift */,
				43B7EB3C2846AAC0007F902E /* NewConversationViewController.swift */,
				43B7EB3E2846AAD5007F902E /* ProfileViewController.swift */,
				43836B7C284D3DF700A199A8 /* ChatViewController.swift */,
			);
			path = Controllers;
			sourceTree = "<group>";
		};
		43B7EB2F2846A8EB007F902E /* Views */ = {
			isa = PBXGroup;
			children = (
				43B7EB332846A948007F902E /* Storyboards */,
				43B7EB232846A80D007F902E /* Assets.xcassets */,
			);
			path = Views;
			sourceTree = "<group>";
		};
		43B7EB302846A8F3007F902E /* ViewModels */ = {
			isa = PBXGroup;
			children = (
			);
			path = ViewModels;
			sourceTree = "<group>";
		};
		43B7EB312846A904007F902E /* Models */ = {
			isa = PBXGroup;
			children = (
			);
			path = Models;
			sourceTree = "<group>";
		};
		43B7EB322846A910007F902E /* Resources */ = {
			isa = PBXGroup;
			children = (
				43B7EB4128478A5A007F902E /* Extensions.swift */,
				43B7EB1A2846A80B007F902E /* AppDelegate.swift */,
				43B7EB1C2846A80B007F902E /* SceneDelegate.swift */,
				43B7EB47284BD5DC007F902E /* DatabaseManager.swift */,
				43836B7E284DC98D00A199A8 /* StorageManager.swift */,
			);
			path = Resources;
			sourceTree = "<group>";
		};
		43B7EB332846A948007F902E /* Storyboards */ = {
			isa = PBXGroup;
			children = (
				43B7EB202846A80B007F902E /* Main.storyboard */,
				43B7EB252846A80D007F902E /* LaunchScreen.storyboard */,
			);
			path = Storyboards;
			sourceTree = "<group>";
		};
		43B7EB40284783DA007F902E /* Login */ = {
			isa = PBXGroup;
			children = (
				43B7EB342846AA60007F902E /* LoginViewController.swift */,
				43B7EB362846AA6C007F902E /* RegisterViewController.swift */,
			);
			path = Login;
			sourceTree = "<group>";
		};
/* End PBXGroup section */

/* Begin PBXNativeTarget section */
		43B7EB162846A80B007F902E /* Messenger */ = {
			isa = PBXNativeTarget;
			buildConfigurationList = 43B7EB2B2846A80D007F902E /* Build configuration list for PBXNativeTarget "Messenger" */;
			buildPhases = (
				C08B1C84AF7D0992E7A98B29 /* [CP] Check Pods Manifest.lock */,
				43B7EB132846A80B007F902E /* Sources */,
				43B7EB142846A80B007F902E /* Frameworks */,
				43B7EB152846A80B007F902E /* Resources */,
				A8D0C96B1075A44C2BCBFE91 /* [CP] Embed Pods Frameworks */,
			);
			buildRules = (
			);
			dependencies = (
			);
			name = Messenger;
			productName = Messenger;
			productReference = 43B7EB172846A80B007F902E /* Messenger.app */;
			productType = "com.apple.product-type.application";
		};
/* End PBXNativeTarget section */

/* Begin PBXProject section */
		43B7EB0F2846A80B007F902E /* Project object */ = {
			isa = PBXProject;
			attributes = {
				BuildIndependentTargetsInParallel = 1;
				LastSwiftUpdateCheck = 1330;
				LastUpgradeCheck = 1330;
				TargetAttributes = {
					43B7EB162846A80B007F902E = {
						CreatedOnToolsVersion = 13.3.1;
					};
				};
			};
			buildConfigurationList = 43B7EB122846A80B007F902E /* Build configuration list for PBXProject "Messenger" */;
			compatibilityVersion = "Xcode 13.0";
			developmentRegion = en;
			hasScannedForEncodings = 0;
			knownRegions = (
				en,
				Base,
			);
			mainGroup = 43B7EB0E2846A80B007F902E;
			productRefGroup = 43B7EB182846A80B007F902E /* Products */;
			projectDirPath = "";
			projectRoot = "";
			targets = (
				43B7EB162846A80B007F902E /* Messenger */,
			);
		};
/* End PBXProject section */

/* Begin PBXResourcesBuildPhase section */
		43B7EB152846A80B007F902E /* Resources */ = {
			isa = PBXResourcesBuildPhase;
			buildActionMask = 2147483647;
			files = (
				43B7EB272846A80D007F902E /* LaunchScreen.storyboard in Resources */,
				43B7EB46284B4A3F007F902E /* GoogleService-Info.plist in Resources */,
				43B7EB242846A80D007F902E /* Assets.xcassets in Resources */,
				43B7EB222846A80B007F902E /* Main.storyboard in Resources */,
			);
			runOnlyForDeploymentPostprocessing = 0;
		};
/* End PBXResourcesBuildPhase section */

/* Begin PBXShellScriptBuildPhase section */
		A8D0C96B1075A44C2BCBFE91 /* [CP] Embed Pods Frameworks */ = {
			isa = PBXShellScriptBuildPhase;
			buildActionMask = 2147483647;
			files = (
			);
			inputFileListPaths = (
				"${PODS_ROOT}/Target Support Files/Pods-Messenger/Pods-Messenger-frameworks-${CONFIGURATION}-input-files.xcfilelist",
			);
			name = "[CP] Embed Pods Frameworks";
			outputFileListPaths = (
				"${PODS_ROOT}/Target Support Files/Pods-Messenger/Pods-Messenger-frameworks-${CONFIGURATION}-output-files.xcfilelist",
			);
			runOnlyForDeploymentPostprocessing = 0;
			shellPath = /bin/sh;
			shellScript = "\"${PODS_ROOT}/Target Support Files/Pods-Messenger/Pods-Messenger-frameworks.sh\"\n";
			showEnvVarsInLog = 0;
		};
		C08B1C84AF7D0992E7A98B29 /* [CP] Check Pods Manifest.lock */ = {
			isa = PBXShellScriptBuildPhase;
			buildActionMask = 2147483647;
			files = (
			);
			inputFileListPaths = (
			);
			inputPaths = (
				"${PODS_PODFILE_DIR_PATH}/Podfile.lock",
				"${PODS_ROOT}/Manifest.lock",
			);
			name = "[CP] Check Pods Manifest.lock";
			outputFileListPaths = (
			);
			outputPaths = (
				"$(DERIVED_FILE_DIR)/Pods-Messenger-checkManifestLockResult.txt",
			);
			runOnlyForDeploymentPostprocessing = 0;
			shellPath = /bin/sh;
			shellScript = "diff \"${PODS_PODFILE_DIR_PATH}/Podfile.lock\" \"${PODS_ROOT}/Manifest.lock\" > /dev/null\nif [ $? != 0 ] ; then\n    # print error to STDERR\n    echo \"error: The sandbox is not in sync with the Podfile.lock. Run 'pod install' or update your CocoaPods installation.\" >&2\n    exit 1\nfi\n# This output is used by Xcode 'outputs' to avoid re-running this script phase.\necho \"SUCCESS\" > \"${SCRIPT_OUTPUT_FILE_0}\"\n";
			showEnvVarsInLog = 0;
		};
/* End PBXShellScriptBuildPhase section */

/* Begin PBXSourcesBuildPhase section */
		43B7EB132846A80B007F902E /* Sources */ = {
			isa = PBXSourcesBuildPhase;
			buildActionMask = 2147483647;
			files = (
				43B7EB352846AA60007F902E /* LoginViewController.swift in Sources */,
				43B7EB48284BD5DC007F902E /* DatabaseManager.swift in Sources */,
				43B7EB372846AA6C007F902E /* RegisterViewController.swift in Sources */,
				43B7EB3D2846AAC0007F902E /* NewConversationViewController.swift in Sources */,
				43B7EB1F2846A80B007F902E /* ConversationsViewController.swift in Sources */,
				43B7EB3B2846AA9B007F902E /* VideoPlayerViewController.swift in Sources */,
				43B7EB4228478A5A007F902E /* Extensions.swift in Sources */,
				43B7EB1B2846A80B007F902E /* AppDelegate.swift in Sources */,
				43B7EB3F2846AAD5007F902E /* ProfileViewController.swift in Sources */,
				43B7EB1D2846A80B007F902E /* SceneDelegate.swift in Sources */,
				43836B7D284D3DF700A199A8 /* ChatViewController.swift in Sources */,
				43B7EB392846AA88007F902E /* PhotoViewerViewController.swift in Sources */,
				43836B7F284DC98D00A199A8 /* StorageManager.swift in Sources */,
			);
			runOnlyForDeploymentPostprocessing = 0;
		};
/* End PBXSourcesBuildPhase section */

/* Begin PBXVariantGroup section */
		43B7EB202846A80B007F902E /* Main.storyboard */ = {
			isa = PBXVariantGroup;
			children = (
				43B7EB212846A80B007F902E /* Base */,
			);
			name = Main.storyboard;
			sourceTree = "<group>";
		};
		43B7EB252846A80D007F902E /* LaunchScreen.storyboard */ = {
			isa = PBXVariantGroup;
			children = (
				43B7EB262846A80D007F902E /* Base */,
			);
			name = LaunchScreen.storyboard;
			sourceTree = "<group>";
		};
/* End PBXVariantGroup section */

/* Begin XCBuildConfiguration section */
		43B7EB292846A80D007F902E /* Debug */ = {
			isa = XCBuildConfiguration;
			buildSettings = {
				ALWAYS_SEARCH_USER_PATHS = NO;
				CLANG_ANALYZER_NONNULL = YES;
				CLANG_ANALYZER_NUMBER_OBJECT_CONVERSION = YES_AGGRESSIVE;
				CLANG_CXX_LANGUAGE_STANDARD = "gnu++17";
				CLANG_ENABLE_MODULES = YES;
				CLANG_ENABLE_OBJC_ARC = YES;
				CLANG_ENABLE_OBJC_WEAK = YES;
				CLANG_WARN_BLOCK_CAPTURE_AUTORELEASING = YES;
				CLANG_WARN_BOOL_CONVERSION = YES;
				CLANG_WARN_COMMA = YES;
				CLANG_WARN_CONSTANT_CONVERSION = YES;
				CLANG_WARN_DEPRECATED_OBJC_IMPLEMENTATIONS = YES;
				CLANG_WARN_DIRECT_OBJC_ISA_USAGE = YES_ERROR;
				CLANG_WARN_DOCUMENTATION_COMMENTS = YES;
				CLANG_WARN_EMPTY_BODY = YES;
				CLANG_WARN_ENUM_CONVERSION = YES;
				CLANG_WARN_INFINITE_RECURSION = YES;
				CLANG_WARN_INT_CONVERSION = YES;
				CLANG_WARN_NON_LITERAL_NULL_CONVERSION = YES;
				CLANG_WARN_OBJC_IMPLICIT_RETAIN_SELF = YES;
				CLANG_WARN_OBJC_LITERAL_CONVERSION = YES;
				CLANG_WARN_OBJC_ROOT_CLASS = YES_ERROR;
				CLANG_WARN_QUOTED_INCLUDE_IN_FRAMEWORK_HEADER = YES;
				CLANG_WARN_RANGE_LOOP_ANALYSIS = YES;
				CLANG_WARN_STRICT_PROTOTYPES = YES;
				CLANG_WARN_SUSPICIOUS_MOVE = YES;
				CLANG_WARN_UNGUARDED_AVAILABILITY = YES_AGGRESSIVE;
				CLANG_WARN_UNREACHABLE_CODE = YES;
				CLANG_WARN__DUPLICATE_METHOD_MATCH = YES;
				COPY_PHASE_STRIP = NO;
				DEBUG_INFORMATION_FORMAT = dwarf;
				ENABLE_STRICT_OBJC_MSGSEND = YES;
				ENABLE_TESTABILITY = YES;
				GCC_C_LANGUAGE_STANDARD = gnu11;
				GCC_DYNAMIC_NO_PIC = NO;
				GCC_NO_COMMON_BLOCKS = YES;
				GCC_OPTIMIZATION_LEVEL = 0;
				GCC_PREPROCESSOR_DEFINITIONS = (
					"DEBUG=1",
					"$(inherited)",
				);
				GCC_WARN_64_TO_32_BIT_CONVERSION = YES;
				GCC_WARN_ABOUT_RETURN_TYPE = YES_ERROR;
				GCC_WARN_UNDECLARED_SELECTOR = YES;
				GCC_WARN_UNINITIALIZED_AUTOS = YES_AGGRESSIVE;
				GCC_WARN_UNUSED_FUNCTION = YES;
				GCC_WARN_UNUSED_VARIABLE = YES;
				IPHONEOS_DEPLOYMENT_TARGET = 15.4;
				MTL_ENABLE_DEBUG_INFO = INCLUDE_SOURCE;
				MTL_FAST_MATH = YES;
				ONLY_ACTIVE_ARCH = YES;
				SDKROOT = iphoneos;
				SWIFT_ACTIVE_COMPILATION_CONDITIONS = DEBUG;
				SWIFT_OPTIMIZATION_LEVEL = "-Onone";
			};
			name = Debug;
		};
		43B7EB2A2846A80D007F902E /* Release */ = {
			isa = XCBuildConfiguration;
			buildSettings = {
				ALWAYS_SEARCH_USER_PATHS = NO;
				CLANG_ANALYZER_NONNULL = YES;
				CLANG_ANALYZER_NUMBER_OBJECT_CONVERSION = YES_AGGRESSIVE;
				CLANG_CXX_LANGUAGE_STANDARD = "gnu++17";
				CLANG_ENABLE_MODULES = YES;
				CLANG_ENABLE_OBJC_ARC = YES;
				CLANG_ENABLE_OBJC_WEAK = YES;
				CLANG_WARN_BLOCK_CAPTURE_AUTORELEASING = YES;
				CLANG_WARN_BOOL_CONVERSION = YES;
				CLANG_WARN_COMMA = YES;
				CLANG_WARN_CONSTANT_CONVERSION = YES;
				CLANG_WARN_DEPRECATED_OBJC_IMPLEMENTATIONS = YES;
				CLANG_WARN_DIRECT_OBJC_ISA_USAGE = YES_ERROR;
				CLANG_WARN_DOCUMENTATION_COMMENTS = YES;
				CLANG_WARN_EMPTY_BODY = YES;
				CLANG_WARN_ENUM_CONVERSION = YES;
				CLANG_WARN_INFINITE_RECURSION = YES;
				CLANG_WARN_INT_CONVERSION = YES;
				CLANG_WARN_NON_LITERAL_NULL_CONVERSION = YES;
				CLANG_WARN_OBJC_IMPLICIT_RETAIN_SELF = YES;
				CLANG_WARN_OBJC_LITERAL_CONVERSION = YES;
				CLANG_WARN_OBJC_ROOT_CLASS = YES_ERROR;
				CLANG_WARN_QUOTED_INCLUDE_IN_FRAMEWORK_HEADER = YES;
				CLANG_WARN_RANGE_LOOP_ANALYSIS = YES;
				CLANG_WARN_STRICT_PROTOTYPES = YES;
				CLANG_WARN_SUSPICIOUS_MOVE = YES;
				CLANG_WARN_UNGUARDED_AVAILABILITY = YES_AGGRESSIVE;
				CLANG_WARN_UNREACHABLE_CODE = YES;
				CLANG_WARN__DUPLICATE_METHOD_MATCH = YES;
				COPY_PHASE_STRIP = NO;
				DEBUG_INFORMATION_FORMAT = "dwarf-with-dsym";
				ENABLE_NS_ASSERTIONS = NO;
				ENABLE_STRICT_OBJC_MSGSEND = YES;
				GCC_C_LANGUAGE_STANDARD = gnu11;
				GCC_NO_COMMON_BLOCKS = YES;
				GCC_WARN_64_TO_32_BIT_CONVERSION = YES;
				GCC_WARN_ABOUT_RETURN_TYPE = YES_ERROR;
				GCC_WARN_UNDECLARED_SELECTOR = YES;
				GCC_WARN_UNINITIALIZED_AUTOS = YES_AGGRESSIVE;
				GCC_WARN_UNUSED_FUNCTION = YES;
				GCC_WARN_UNUSED_VARIABLE = YES;
				IPHONEOS_DEPLOYMENT_TARGET = 15.4;
				MTL_ENABLE_DEBUG_INFO = NO;
				MTL_FAST_MATH = YES;
				SDKROOT = iphoneos;
				SWIFT_COMPILATION_MODE = wholemodule;
				SWIFT_OPTIMIZATION_LEVEL = "-O";
				VALIDATE_PRODUCT = YES;
			};
			name = Release;
		};
		43B7EB2C2846A80D007F902E /* Debug */ = {
			isa = XCBuildConfiguration;
			baseConfigurationReference = B6F669A6DD4C72673F015089 /* Pods-Messenger.debug.xcconfig */;
			buildSettings = {
				ASSETCATALOG_COMPILER_APPICON_NAME = AppIcon;
				ASSETCATALOG_COMPILER_GLOBAL_ACCENT_COLOR_NAME = AccentColor;
				CODE_SIGN_STYLE = Automatic;
				CURRENT_PROJECT_VERSION = 1;
				DEVELOPMENT_TEAM = LW3THBZ2Y7;
				GENERATE_INFOPLIST_FILE = YES;
				INFOPLIST_FILE = Messenger/Info.plist;
				INFOPLIST_KEY_UIApplicationSupportsIndirectInputEvents = YES;
				INFOPLIST_KEY_UILaunchStoryboardName = LaunchScreen;
				INFOPLIST_KEY_UIMainStoryboardFile = Main;
				INFOPLIST_KEY_UISupportedInterfaceOrientations = UIInterfaceOrientationPortrait;
				INFOPLIST_KEY_UISupportedInterfaceOrientations_iPad = "UIInterfaceOrientationPortrait UIInterfaceOrientationPortraitUpsideDown UIInterfaceOrientationLandscapeLeft UIInterfaceOrientationLandscapeRight";
				INFOPLIST_KEY_UISupportedInterfaceOrientations_iPhone = "UIInterfaceOrientationPortrait UIInterfaceOrientationLandscapeLeft UIInterfaceOrientationLandscapeRight";
				IPHONEOS_DEPLOYMENT_TARGET = 13.5;
				LD_RUNPATH_SEARCH_PATHS = (
					"$(inherited)",
					"@executable_path/Frameworks",
				);
				MARKETING_VERSION = 1.0;
				PRODUCT_BUNDLE_IDENTIFIER = com.studiokaori.Messenger;
				PRODUCT_NAME = "$(TARGET_NAME)";
				SWIFT_EMIT_LOC_STRINGS = YES;
				SWIFT_VERSION = 5.0;
				TARGETED_DEVICE_FAMILY = "1,2";
			};
			name = Debug;
		};
		43B7EB2D2846A80D007F902E /* Release */ = {
			isa = XCBuildConfiguration;
			baseConfigurationReference = A7C0F6C8A8569D2B5FD75FE8 /* Pods-Messenger.release.xcconfig */;
			buildSettings = {
				ASSETCATALOG_COMPILER_APPICON_NAME = AppIcon;
				ASSETCATALOG_COMPILER_GLOBAL_ACCENT_COLOR_NAME = AccentColor;
				CODE_SIGN_STYLE = Automatic;
				CURRENT_PROJECT_VERSION = 1;
				DEVELOPMENT_TEAM = LW3THBZ2Y7;
				GENERATE_INFOPLIST_FILE = YES;
				INFOPLIST_FILE = Messenger/Info.plist;
				INFOPLIST_KEY_UIApplicationSupportsIndirectInputEvents = YES;
				INFOPLIST_KEY_UILaunchStoryboardName = LaunchScreen;
				INFOPLIST_KEY_UIMainStoryboardFile = Main;
				INFOPLIST_KEY_UISupportedInterfaceOrientations = UIInterfaceOrientationPortrait;
				INFOPLIST_KEY_UISupportedInterfaceOrientations_iPad = "UIInterfaceOrientationPortrait UIInterfaceOrientationPortraitUpsideDown UIInterfaceOrientationLandscapeLeft UIInterfaceOrientationLandscapeRight";
				INFOPLIST_KEY_UISupportedInterfaceOrientations_iPhone = "UIInterfaceOrientationPortrait UIInterfaceOrientationLandscapeLeft UIInterfaceOrientationLandscapeRight";
				IPHONEOS_DEPLOYMENT_TARGET = 13.5;
				LD_RUNPATH_SEARCH_PATHS = (
					"$(inherited)",
					"@executable_path/Frameworks",
				);
				MARKETING_VERSION = 1.0;
				PRODUCT_BUNDLE_IDENTIFIER = com.studiokaori.Messenger;
				PRODUCT_NAME = "$(TARGET_NAME)";
				SWIFT_EMIT_LOC_STRINGS = YES;
				SWIFT_VERSION = 5.0;
				TARGETED_DEVICE_FAMILY = "1,2";
			};
			name = Release;
		};
/* End XCBuildConfiguration section */

/* Begin XCConfigurationList section */
		43B7EB122846A80B007F902E /* Build configuration list for PBXProject "Messenger" */ = {
			isa = XCConfigurationList;
			buildConfigurations = (
				43B7EB292846A80D007F902E /* Debug */,
				43B7EB2A2846A80D007F902E /* Release */,
			);
			defaultConfigurationIsVisible = 0;
			defaultConfigurationName = Release;
		};
		43B7EB2B2846A80D007F902E /* Build configuration list for PBXNativeTarget "Messenger" */ = {
			isa = XCConfigurationList;
			buildConfigurations = (
				43B7EB2C2846A80D007F902E /* Debug */,
				43B7EB2D2846A80D007F902E /* Release */,
			);
			defaultConfigurationIsVisible = 0;
			defaultConfigurationName = Release;
		};
/* End XCConfigurationList section */
	};
	rootObject = 43B7EB0F2846A80B007F902E /* Project object */;
}
